
Microsoft Visual Studio Solution File, Format Version 12.00
# Visual Studio Version 17
VisualStudioVersion = 17.2.32516.85
MinimumVisualStudioVersion = 10.0.40219.1
Project("{9A19103F-16F7-4668-BE54-9A1E7A4F7556}") = "git-profile", "git-profile\git-profile.csproj", "{7AF2EF2C-AFAC-4AD5-8AE2-BE733C01DC54}"
EndProject
Global
	GlobalSection(SolutionConfigurationPlatforms) = preSolution
		Debug|Any CPU = Debug|Any CPU
		Release|Any CPU = Release|Any CPU
	EndGlobalSection
	GlobalSection(ProjectConfigurationPlatforms) = postSolution
		{7AF2EF2C-AFAC-4AD5-8AE2-BE733C01DC54}.Debug|Any CPU.ActiveCfg = Debug|Any CPU
		{7AF2EF2C-AFAC-4AD5-8AE2-BE733C01DC54}.Debug|Any CPU.Build.0 = Debug|Any CPU
		{7AF2EF2C-AFAC-4AD5-8AE2-BE733C01DC54}.Release|Any CPU.ActiveCfg = Release|Any CPU
		{7AF2EF2C-AFAC-4AD5-8AE2-BE733C01DC54}.Release|Any CPU.Build.0 = Release|Any CPU
	EndGlobalSection
	GlobalSection(SolutionProperties) = preSolution
		HideSolutionNode = FALSE
	EndGlobalSection
	GlobalSection(ExtensibilityGlobals) = postSolution
		SolutionGuid = {8E285B03-3F49-4615-98CF-A9A10751AE60}
	EndGlobalSection
EndGlobal
